
Microsoft Visual Studio Solution File, Format Version 12.00
# Visual Studio Version 17
VisualStudioVersion = 17.14.36121.58 d17.14
MinimumVisualStudioVersion = 10.0.40219.1
Project("{FAE04EC0-301F-11D3-BF4B-00C04F79EFBC}") = "CozyComfort.Services", "CozyComfort.Services.csproj", "{BBC0AB57-FD9A-452C-8024-7780742F262A}"
EndProject
Global
	GlobalSection(SolutionConfigurationPlatforms) = preSolution
		Debug|Any CPU = Debug|Any CPU
		Release|Any CPU = Release|Any CPU
	EndGlobalSection
	GlobalSection(ProjectConfigurationPlatforms) = postSolution
		{BBC0AB57-FD9A-452C-8024-7780742F262A}.Debug|Any CPU.ActiveCfg = Debug|Any CPU
		{BBC0AB57-FD9A-452C-8024-7780742F262A}.Debug|Any CPU.Build.0 = Debug|Any CPU
		{BBC0AB57-FD9A-452C-8024-7780742F262A}.Release|Any CPU.ActiveCfg = Release|Any CPU
		{BBC0AB57-FD9A-452C-8024-7780742F262A}.Release|Any CPU.Build.0 = Release|Any CPU
	EndGlobalSection
	GlobalSection(SolutionProperties) = preSolution
		HideSolutionNode = FALSE
	EndGlobalSection
	GlobalSection(ExtensibilityGlobals) = postSolution
		SolutionGuid = {6B47EADE-52CA-47BF-9F79-073D6C3BC553}
	EndGlobalSection
EndGlobal
